// !$*UTF8*$!
{
	archiveVersion = 1;
	classes = {
	};
	objectVersion = 55;
	objects = {

/* Begin PBXBuildFile section */
		C618BF14289DB51F003939CB /* MoonshotApp.swift in Sources */ = {isa = PBXBuildFile; fileRef = C618BF13289DB51F003939CB /* MoonshotApp.swift */; };
		C618BF16289DB51F003939CB /* ContentView.swift in Sources */ = {isa = PBXBuildFile; fileRef = C618BF15289DB51F003939CB /* ContentView.swift */; };
		C618BF18289DB522003939CB /* Assets.xcassets in Resources */ = {isa = PBXBuildFile; fileRef = C618BF17289DB522003939CB /* Assets.xcassets */; };
		C618BF1B289DB522003939CB /* Preview Assets.xcassets in Resources */ = {isa = PBXBuildFile; fileRef = C618BF1A289DB522003939CB /* Preview Assets.xcassets */; };
		C618BF23289DB554003939CB /* astronauts.json in Resources */ = {isa = PBXBuildFile; fileRef = C618BF21289DB554003939CB /* astronauts.json */; };
		C618BF24289DB554003939CB /* missions.json in Resources */ = {isa = PBXBuildFile; fileRef = C618BF22289DB554003939CB /* missions.json */; };
		C618BF26289DB61E003939CB /* Astronaut.swift in Sources */ = {isa = PBXBuildFile; fileRef = C618BF25289DB61E003939CB /* Astronaut.swift */; };
		C618BF28289DB75B003939CB /* Bundle-Decodable.swift in Sources */ = {isa = PBXBuildFile; fileRef = C618BF27289DB75B003939CB /* Bundle-Decodable.swift */; };
		C618BF2A289DFC8A003939CB /* Mission.swift in Sources */ = {isa = PBXBuildFile; fileRef = C618BF29289DFC8A003939CB /* Mission.swift */; };
		C61904D8289F2CB1009D69B2 /* RectangleView.swift in Sources */ = {isa = PBXBuildFile; fileRef = C61904D7289F2CB1009D69B2 /* RectangleView.swift */; };
		C61904DA289F2D8D009D69B2 /* TextView.swift in Sources */ = {isa = PBXBuildFile; fileRef = C61904D9289F2D8D009D69B2 /* TextView.swift */; };
		C61904DC289F3E1D009D69B2 /* ImageMissionView.swift in Sources */ = {isa = PBXBuildFile; fileRef = C61904DB289F3E1D009D69B2 /* ImageMissionView.swift */; };
		C61904DE289F4085009D69B2 /* BriefDescriptionView.swift in Sources */ = {isa = PBXBuildFile; fileRef = C61904DD289F4085009D69B2 /* BriefDescriptionView.swift */; };
		C63D3FC7289E9C7A00FB669E /* Color-Theme.swift in Sources */ = {isa = PBXBuildFile; fileRef = C63D3FC6289E9C7A00FB669E /* Color-Theme.swift */; };
		C63D3FC9289ED52700FB669E /* MissionView.swift in Sources */ = {isa = PBXBuildFile; fileRef = C63D3FC8289ED52700FB669E /* MissionView.swift */; };
		C63D3FCB289EF7D200FB669E /* AstronautView.swift in Sources */ = {isa = PBXBuildFile; fileRef = C63D3FCA289EF7D200FB669E /* AstronautView.swift */; };
/* End PBXBuildFile section */

/* Begin PBXFileReference section */
		C618BF10289DB51F003939CB /* Moonshot.app */ = {isa = PBXFileReference; explicitFileType = wrapper.application; includeInIndex = 0; path = Moonshot.app; sourceTree = BUILT_PRODUCTS_DIR; };
		C618BF13289DB51F003939CB /* MoonshotApp.swift */ = {isa = PBXFileReference; lastKnownFileType = sourcecode.swift; path = MoonshotApp.swift; sourceTree = "<group>"; };
		C618BF15289DB51F003939CB /* ContentView.swift */ = {isa = PBXFileReference; lastKnownFileType = sourcecode.swift; path = ContentView.swift; sourceTree = "<group>"; };
		C618BF17289DB522003939CB /* Assets.xcassets */ = {isa = PBXFileReference; lastKnownFileType = folder.assetcatalog; path = Assets.xcassets; sourceTree = "<group>"; };
		C618BF1A289DB522003939CB /* Preview Assets.xcassets */ = {isa = PBXFileReference; lastKnownFileType = folder.assetcatalog; path = "Preview Assets.xcassets"; sourceTree = "<group>"; };
		C618BF21289DB554003939CB /* astronauts.json */ = {isa = PBXFileReference; fileEncoding = 4; lastKnownFileType = text.json; path = astronauts.json; sourceTree = "<group>"; };
		C618BF22289DB554003939CB /* missions.json */ = {isa = PBXFileReference; fileEncoding = 4; lastKnownFileType = text.json; path = missions.json; sourceTree = "<group>"; };
		C618BF25289DB61E003939CB /* Astronaut.swift */ = {isa = PBXFileReference; lastKnownFileType = sourcecode.swift; path = Astronaut.swift; sourceTree = "<group>"; };
		C618BF27289DB75B003939CB /* Bundle-Decodable.swift */ = {isa = PBXFileReference; lastKnownFileType = sourcecode.swift; path = "Bundle-Decodable.swift"; sourceTree = "<group>"; };
		C618BF29289DFC8A003939CB /* Mission.swift */ = {isa = PBXFileReference; lastKnownFileType = sourcecode.swift; path = Mission.swift; sourceTree = "<group>"; };
		C61904D7289F2CB1009D69B2 /* RectangleView.swift */ = {isa = PBXFileReference; lastKnownFileType = sourcecode.swift; path = RectangleView.swift; sourceTree = "<group>"; };
		C61904D9289F2D8D009D69B2 /* TextView.swift */ = {isa = PBXFileReference; lastKnownFileType = sourcecode.swift; path = TextView.swift; sourceTree = "<group>"; };
		C61904DB289F3E1D009D69B2 /* ImageMissionView.swift */ = {isa = PBXFileReference; lastKnownFileType = sourcecode.swift; path = ImageMissionView.swift; sourceTree = "<group>"; };
		C61904DD289F4085009D69B2 /* BriefDescriptionView.swift */ = {isa = PBXFileReference; lastKnownFileType = sourcecode.swift; path = BriefDescriptionView.swift; sourceTree = "<group>"; };
		C63D3FC6289E9C7A00FB669E /* Color-Theme.swift */ = {isa = PBXFileReference; lastKnownFileType = sourcecode.swift; path = "Color-Theme.swift"; sourceTree = "<group>"; };
		C63D3FC8289ED52700FB669E /* MissionView.swift */ = {isa = PBXFileReference; lastKnownFileType = sourcecode.swift; path = MissionView.swift; sourceTree = "<group>"; };
		C63D3FCA289EF7D200FB669E /* AstronautView.swift */ = {isa = PBXFileReference; lastKnownFileType = sourcecode.swift; path = AstronautView.swift; sourceTree = "<group>"; };
/* End PBXFileReference section */

/* Begin PBXFrameworksBuildPhase section */
		C618BF0D289DB51F003939CB /* Frameworks */ = {
			isa = PBXFrameworksBuildPhase;
			buildActionMask = 2147483647;
			files = (
			);
			runOnlyForDeploymentPostprocessing = 0;
		};
/* End PBXFrameworksBuildPhase section */

/* Begin PBXGroup section */
		C618BF07289DB51F003939CB = {
			isa = PBXGroup;
			children = (
				C618BF12289DB51F003939CB /* Moonshot */,
				C618BF11289DB51F003939CB /* Products */,
			);
			sourceTree = "<group>";
		};
		C618BF11289DB51F003939CB /* Products */ = {
			isa = PBXGroup;
			children = (
				C618BF10289DB51F003939CB /* Moonshot.app */,
			);
			name = Products;
			sourceTree = "<group>";
		};
		C618BF12289DB51F003939CB /* Moonshot */ = {
			isa = PBXGroup;
			children = (
				C618BF13289DB51F003939CB /* MoonshotApp.swift */,
				C618BF15289DB51F003939CB /* ContentView.swift */,
				C618BF21289DB554003939CB /* astronauts.json */,
				C618BF22289DB554003939CB /* missions.json */,
				C618BF17289DB522003939CB /* Assets.xcassets */,
				C618BF19289DB522003939CB /* Preview Content */,
				C618BF25289DB61E003939CB /* Astronaut.swift */,
				C618BF27289DB75B003939CB /* Bundle-Decodable.swift */,
				C618BF29289DFC8A003939CB /* Mission.swift */,
				C63D3FC6289E9C7A00FB669E /* Color-Theme.swift */,
				C63D3FC8289ED52700FB669E /* MissionView.swift */,
				C63D3FCA289EF7D200FB669E /* AstronautView.swift */,
				C61904D7289F2CB1009D69B2 /* RectangleView.swift */,
				C61904D9289F2D8D009D69B2 /* TextView.swift */,
				C61904DB289F3E1D009D69B2 /* ImageMissionView.swift */,
				C61904DD289F4085009D69B2 /* BriefDescriptionView.swift */,
			);
			path = Moonshot;
			sourceTree = "<group>";
		};
		C618BF19289DB522003939CB /* Preview Content */ = {
			isa = PBXGroup;
			children = (
				C618BF1A289DB522003939CB /* Preview Assets.xcassets */,
			);
			path = "Preview Content";
			sourceTree = "<group>";
		};
/* End PBXGroup section */

/* Begin PBXNativeTarget section */
		C618BF0F289DB51F003939CB /* Moonshot */ = {
			isa = PBXNativeTarget;
			buildConfigurationList = C618BF1E289DB522003939CB /* Build configuration list for PBXNativeTarget "Moonshot" */;
			buildPhases = (
				C618BF0C289DB51F003939CB /* Sources */,
				C618BF0D289DB51F003939CB /* Frameworks */,
				C618BF0E289DB51F003939CB /* Resources */,
			);
			buildRules = (
			);
			dependencies = (
			);
			name = Moonshot;
			productName = Moonshot;
			productReference = C618BF10289DB51F003939CB /* Moonshot.app */;
			productType = "com.apple.product-type.application";
		};
/* End PBXNativeTarget section */

/* Begin PBXProject section */
		C618BF08289DB51F003939CB /* Project object */ = {
			isa = PBXProject;
			attributes = {
				BuildIndependentTargetsInParallel = 1;
				LastSwiftUpdateCheck = 1340;
				LastUpgradeCheck = 1340;
				TargetAttributes = {
					C618BF0F289DB51F003939CB = {
						CreatedOnToolsVersion = 13.4.1;
					};
				};
			};
			buildConfigurationList = C618BF0B289DB51F003939CB /* Build configuration list for PBXProject "Moonshot" */;
			compatibilityVersion = "Xcode 13.0";
			developmentRegion = en;
			hasScannedForEncodings = 0;
			knownRegions = (
				en,
				Base,
			);
			mainGroup = C618BF07289DB51F003939CB;
			productRefGroup = C618BF11289DB51F003939CB /* Products */;
			projectDirPath = "";
			projectRoot = "";
			targets = (
				C618BF0F289DB51F003939CB /* Moonshot */,
			);
		};
/* End PBXProject section */

/* Begin PBXResourcesBuildPhase section */
		C618BF0E289DB51F003939CB /* Resources */ = {
			isa = PBXResourcesBuildPhase;
			buildActionMask = 2147483647;
			files = (
				C618BF23289DB554003939CB /* astronauts.json in Resources */,
				C618BF1B289DB522003939CB /* Preview Assets.xcassets in Resources */,
				C618BF24289DB554003939CB /* missions.json in Resources */,
				C618BF18289DB522003939CB /* Assets.xcassets in Resources */,
			);
			runOnlyForDeploymentPostprocessing = 0;
		};
/* End PBXResourcesBuildPhase section */

/* Begin PBXSourcesBuildPhase section */
		C618BF0C289DB51F003939CB /* Sources */ = {
			isa = PBXSourcesBuildPhase;
			buildActionMask = 2147483647;
			files = (
				C63D3FC9289ED52700FB669E /* MissionView.swift in Sources */,
				C618BF26289DB61E003939CB /* Astronaut.swift in Sources */,
				C63D3FCB289EF7D200FB669E /* AstronautView.swift in Sources */,
				C63D3FC7289E9C7A00FB669E /* Color-Theme.swift in Sources */,
				C61904DE289F4085009D69B2 /* BriefDescriptionView.swift in Sources */,
				C618BF16289DB51F003939CB /* ContentView.swift in Sources */,
				C61904D8289F2CB1009D69B2 /* RectangleView.swift in Sources */,
				C618BF14289DB51F003939CB /* MoonshotApp.swift in Sources */,
				C618BF2A289DFC8A003939CB /* Mission.swift in Sources */,
				C618BF28289DB75B003939CB /* Bundle-Decodable.swift in Sources */,
				C61904DC289F3E1D009D69B2 /* ImageMissionView.swift in Sources */,
				C61904DA289F2D8D009D69B2 /* TextView.swift in Sources */,
			);
			runOnlyForDeploymentPostprocessing = 0;
		};
/* End PBXSourcesBuildPhase section */

/* Begin XCBuildConfiguration section */
		C618BF1C289DB522003939CB /* Debug */ = {
			isa = XCBuildConfiguration;
			buildSettings = {
				ALWAYS_SEARCH_USER_PATHS = NO;
				CLANG_ANALYZER_NONNULL = YES;
				CLANG_ANALYZER_NUMBER_OBJECT_CONVERSION = YES_AGGRESSIVE;
				CLANG_CXX_LANGUAGE_STANDARD = "gnu++17";
				CLANG_ENABLE_MODULES = YES;
				CLANG_ENABLE_OBJC_ARC = YES;
				CLANG_ENABLE_OBJC_WEAK = YES;
				CLANG_WARN_BLOCK_CAPTURE_AUTORELEASING = YES;
				CLANG_WARN_BOOL_CONVERSION = YES;
				CLANG_WARN_COMMA = YES;
				CLANG_WARN_CONSTANT_CONVERSION = YES;
				CLANG_WARN_DEPRECATED_OBJC_IMPLEMENTATIONS = YES;
				CLANG_WARN_DIRECT_OBJC_ISA_USAGE = YES_ERROR;
				CLANG_WARN_DOCUMENTATION_COMMENTS = YES;
				CLANG_WARN_EMPTY_BODY = YES;
				CLANG_WARN_ENUM_CONVERSION = YES;
				CLANG_WARN_INFINITE_RECURSION = YES;
				CLANG_WARN_INT_CONVERSION = YES;
				CLANG_WARN_NON_LITERAL_NULL_CONVERSION = YES;
				CLANG_WARN_OBJC_IMPLICIT_RETAIN_SELF = YES;
				CLANG_WARN_OBJC_LITERAL_CONVERSION = YES;
				CLANG_WARN_OBJC_ROOT_CLASS = YES_ERROR;
				CLANG_WARN_QUOTED_INCLUDE_IN_FRAMEWORK_HEADER = YES;
				CLANG_WARN_RANGE_LOOP_ANALYSIS = YES;
				CLANG_WARN_STRICT_PROTOTYPES = YES;
				CLANG_WARN_SUSPICIOUS_MOVE = YES;
				CLANG_WARN_UNGUARDED_AVAILABILITY = YES_AGGRESSIVE;
				CLANG_WARN_UNREACHABLE_CODE = YES;
				CLANG_WARN__DUPLICATE_METHOD_MATCH = YES;
				COPY_PHASE_STRIP = NO;
				DEBUG_INFORMATION_FORMAT = dwarf;
				ENABLE_STRICT_OBJC_MSGSEND = YES;
				ENABLE_TESTABILITY = YES;
				GCC_C_LANGUAGE_STANDARD = gnu11;
				GCC_DYNAMIC_NO_PIC = NO;
				GCC_NO_COMMON_BLOCKS = YES;
				GCC_OPTIMIZATION_LEVEL = 0;
				GCC_PREPROCESSOR_DEFINITIONS = (
					"DEBUG=1",
					"$(inherited)",
				);
				GCC_WARN_64_TO_32_BIT_CONVERSION = YES;
				GCC_WARN_ABOUT_RETURN_TYPE = YES_ERROR;
				GCC_WARN_UNDECLARED_SELECTOR = YES;
				GCC_WARN_UNINITIALIZED_AUTOS = YES_AGGRESSIVE;
				GCC_WARN_UNUSED_FUNCTION = YES;
				GCC_WARN_UNUSED_VARIABLE = YES;
				IPHONEOS_DEPLOYMENT_TARGET = 15.5;
				MTL_ENABLE_DEBUG_INFO = INCLUDE_SOURCE;
				MTL_FAST_MATH = YES;
				ONLY_ACTIVE_ARCH = YES;
				SDKROOT = iphoneos;
				SWIFT_ACTIVE_COMPILATION_CONDITIONS = DEBUG;
				SWIFT_OPTIMIZATION_LEVEL = "-Onone";
			};
			name = Debug;
		};
		C618BF1D289DB522003939CB /* Release */ = {
			isa = XCBuildConfiguration;
			buildSettings = {
				ALWAYS_SEARCH_USER_PATHS = NO;
				CLANG_ANALYZER_NONNULL = YES;
				CLANG_ANALYZER_NUMBER_OBJECT_CONVERSION = YES_AGGRESSIVE;
				CLANG_CXX_LANGUAGE_STANDARD = "gnu++17";
				CLANG_ENABLE_MODULES = YES;
				CLANG_ENABLE_OBJC_ARC = YES;
				CLANG_ENABLE_OBJC_WEAK = YES;
				CLANG_WARN_BLOCK_CAPTURE_AUTORELEASING = YES;
				CLANG_WARN_BOOL_CONVERSION = YES;
				CLANG_WARN_COMMA = YES;
				CLANG_WARN_CONSTANT_CONVERSION = YES;
				CLANG_WARN_DEPRECATED_OBJC_IMPLEMENTATIONS = YES;
				CLANG_WARN_DIRECT_OBJC_ISA_USAGE = YES_ERROR;
				CLANG_WARN_DOCUMENTATION_COMMENTS = YES;
				CLANG_WARN_EMPTY_BODY = YES;
				CLANG_WARN_ENUM_CONVERSION = YES;
				CLANG_WARN_INFINITE_RECURSION = YES;
				CLANG_WARN_INT_CONVERSION = YES;
				CLANG_WARN_NON_LITERAL_NULL_CONVERSION = YES;
				CLANG_WARN_OBJC_IMPLICIT_RETAIN_SELF = YES;
				CLANG_WARN_OBJC_LITERAL_CONVERSION = YES;
				CLANG_WARN_OBJC_ROOT_CLASS = YES_ERROR;
				CLANG_WARN_QUOTED_INCLUDE_IN_FRAMEWORK_HEADER = YES;
				CLANG_WARN_RANGE_LOOP_ANALYSIS = YES;
				CLANG_WARN_STRICT_PROTOTYPES = YES;
				CLANG_WARN_SUSPICIOUS_MOVE = YES;
				CLANG_WARN_UNGUARDED_AVAILABILITY = YES_AGGRESSIVE;
				CLANG_WARN_UNREACHABLE_CODE = YES;
				CLANG_WARN__DUPLICATE_METHOD_MATCH = YES;
				COPY_PHASE_STRIP = NO;
				DEBUG_INFORMATION_FORMAT = "dwarf-with-dsym";
				ENABLE_NS_ASSERTIONS = NO;
				ENABLE_STRICT_OBJC_MSGSEND = YES;
				GCC_C_LANGUAGE_STANDARD = gnu11;
				GCC_NO_COMMON_BLOCKS = YES;
				GCC_WARN_64_TO_32_BIT_CONVERSION = YES;
				GCC_WARN_ABOUT_RETURN_TYPE = YES_ERROR;
				GCC_WARN_UNDECLARED_SELECTOR = YES;
				GCC_WARN_UNINITIALIZED_AUTOS = YES_AGGRESSIVE;
				GCC_WARN_UNUSED_FUNCTION = YES;
				GCC_WARN_UNUSED_VARIABLE = YES;
				IPHONEOS_DEPLOYMENT_TARGET = 15.5;
				MTL_ENABLE_DEBUG_INFO = NO;
				MTL_FAST_MATH = YES;
				SDKROOT = iphoneos;
				SWIFT_COMPILATION_MODE = wholemodule;
				SWIFT_OPTIMIZATION_LEVEL = "-O";
				VALIDATE_PRODUCT = YES;
			};
			name = Release;
		};
		C618BF1F289DB522003939CB /* Debug */ = {
			isa = XCBuildConfiguration;
			buildSettings = {
				ASSETCATALOG_COMPILER_APPICON_NAME = AppIcon;
				ASSETCATALOG_COMPILER_GLOBAL_ACCENT_COLOR_NAME = AccentColor;
				CODE_SIGN_STYLE = Automatic;
				CURRENT_PROJECT_VERSION = 1;
				DEVELOPMENT_ASSET_PATHS = "\"Moonshot/Preview Content\"";
				DEVELOPMENT_TEAM = DBL7348NTB;
				ENABLE_PREVIEWS = YES;
				GENERATE_INFOPLIST_FILE = YES;
				INFOPLIST_KEY_UIApplicationSceneManifest_Generation = YES;
				INFOPLIST_KEY_UIApplicationSupportsIndirectInputEvents = YES;
				INFOPLIST_KEY_UILaunchScreen_Generation = YES;
				INFOPLIST_KEY_UISupportedInterfaceOrientations_iPad = "UIInterfaceOrientationPortrait UIInterfaceOrientationPortraitUpsideDown UIInterfaceOrientationLandscapeLeft UIInterfaceOrientationLandscapeRight";
				INFOPLIST_KEY_UISupportedInterfaceOrientations_iPhone = "UIInterfaceOrientationPortrait UIInterfaceOrientationLandscapeLeft UIInterfaceOrientationLandscapeRight";
				LD_RUNPATH_SEARCH_PATHS = (
					"$(inherited)",
					"@executable_path/Frameworks",
				);
				MARKETING_VERSION = 1.0;
				PRODUCT_BUNDLE_IDENTIFIER = Kyrychenko.Moonshot;
				PRODUCT_NAME = "$(TARGET_NAME)";
				SWIFT_EMIT_LOC_STRINGS = YES;
				SWIFT_VERSION = 5.0;
				TARGETED_DEVICE_FAMILY = "1,2";
			};
			name = Debug;
		};
		C618BF20289DB522003939CB /* Release */ = {
			isa = XCBuildConfiguration;
			buildSettings = {
				ASSETCATALOG_COMPILER_APPICON_NAME = AppIcon;
				ASSETCATALOG_COMPILER_GLOBAL_ACCENT_COLOR_NAME = AccentColor;
				CODE_SIGN_STYLE = Automatic;
				CURRENT_PROJECT_VERSION = 1;
				DEVELOPMENT_ASSET_PATHS = "\"Moonshot/Preview Content\"";
				DEVELOPMENT_TEAM = DBL7348NTB;
				ENABLE_PREVIEWS = YES;
				GENERATE_INFOPLIST_FILE = YES;
				INFOPLIST_KEY_UIApplicationSceneManifest_Generation = YES;
				INFOPLIST_KEY_UIApplicationSupportsIndirectInputEvents = YES;
				INFOPLIST_KEY_UILaunchScreen_Generation = YES;
				INFOPLIST_KEY_UISupportedInterfaceOrientations_iPad = "UIInterfaceOrientationPortrait UIInterfaceOrientationPortraitUpsideDown UIInterfaceOrientationLandscapeLeft UIInterfaceOrientationLandscapeRight";
				INFOPLIST_KEY_UISupportedInterfaceOrientations_iPhone = "UIInterfaceOrientationPortrait UIInterfaceOrientationLandscapeLeft UIInterfaceOrientationLandscapeRight";
				LD_RUNPATH_SEARCH_PATHS = (
					"$(inherited)",
					"@executable_path/Frameworks",
				);
				MARKETING_VERSION = 1.0;
				PRODUCT_BUNDLE_IDENTIFIER = Kyrychenko.Moonshot;
				PRODUCT_NAME = "$(TARGET_NAME)";
				SWIFT_EMIT_LOC_STRINGS = YES;
				SWIFT_VERSION = 5.0;
				TARGETED_DEVICE_FAMILY = "1,2";
			};
			name = Release;
		};
/* End XCBuildConfiguration section */

/* Begin XCConfigurationList section */
		C618BF0B289DB51F003939CB /* Build configuration list for PBXProject "Moonshot" */ = {
			isa = XCConfigurationList;
			buildConfigurations = (
				C618BF1C289DB522003939CB /* Debug */,
				C618BF1D289DB522003939CB /* Release */,
			);
			defaultConfigurationIsVisible = 0;
			defaultConfigurationName = Release;
		};
		C618BF1E289DB522003939CB /* Build configuration list for PBXNativeTarget "Moonshot" */ = {
			isa = XCConfigurationList;
			buildConfigurations = (
				C618BF1F289DB522003939CB /* Debug */,
				C618BF20289DB522003939CB /* Release */,
			);
			defaultConfigurationIsVisible = 0;
			defaultConfigurationName = Release;
		};
/* End XCConfigurationList section */
	};
	rootObject = C618BF08289DB51F003939CB /* Project object */;
}
